// !$*UTF8*$!
{
	archiveVersion = 1;
	classes = {
	};
	objectVersion = 55;
	objects = {

/* Begin PBXBuildFile section */
		9703FCB028A24F58008D90D9 /* ReuseView.swift in Sources */ = {isa = PBXBuildFile; fileRef = 9703FCAF28A24F58008D90D9 /* ReuseView.swift */; };
		9703FCB228A2508F008D90D9 /* NetflixView.storyboard in Resources */ = {isa = PBXBuildFile; fileRef = 9703FCB128A2508F008D90D9 /* NetflixView.storyboard */; };
		9703FCB628A2538E008D90D9 /* ReuseTableViewCell.swift in Sources */ = {isa = PBXBuildFile; fileRef = 9703FCB428A2538E008D90D9 /* ReuseTableViewCell.swift */; };
		9703FCB728A2538E008D90D9 /* ReuseTableViewCell.xib in Resources */ = {isa = PBXBuildFile; fileRef = 9703FCB528A2538E008D90D9 /* ReuseTableViewCell.xib */; };
		9703FCB928A25AB2008D90D9 /* NetflixViewController.swift in Sources */ = {isa = PBXBuildFile; fileRef = 9703FCB828A25AB2008D90D9 /* NetflixViewController.swift */; };
		9703FCBF28A2B0FB008D90D9 /* ReuseView.xib in Resources */ = {isa = PBXBuildFile; fileRef = 9703FCBE28A2B0FB008D90D9 /* ReuseView.xib */; };
		9703FCC428A2B634008D90D9 /* MovieCollectionViewCell.swift in Sources */ = {isa = PBXBuildFile; fileRef = 9703FCC228A2B634008D90D9 /* MovieCollectionViewCell.swift */; };
		9703FCC528A2B634008D90D9 /* MovieCollectionViewCell.xib in Resources */ = {isa = PBXBuildFile; fileRef = 9703FCC328A2B634008D90D9 /* MovieCollectionViewCell.xib */; };
		970DBC1728A6346700339CFC /* LocationTest.storyboard in Resources */ = {isa = PBXBuildFile; fileRef = 970DBC1628A6346700339CFC /* LocationTest.storyboard */; };
		970DBC1928A6347300339CFC /* LocationTestViewController.swift in Sources */ = {isa = PBXBuildFile; fileRef = 970DBC1828A6347300339CFC /* LocationTestViewController.swift */; };
		970DBC1B28A6889A00339CFC /* PickerViewController.swift in Sources */ = {isa = PBXBuildFile; fileRef = 970DBC1A28A6889A00339CFC /* PickerViewController.swift */; };
		970DBC1D28A688A400339CFC /* PHPicker.storyboard in Resources */ = {isa = PBXBuildFile; fileRef = 970DBC1C28A688A400339CFC /* PHPicker.storyboard */; };
		9795D377289A7DFA003F2BA0 /* EndPoint.swift in Sources */ = {isa = PBXBuildFile; fileRef = 9795D376289A7DFA003F2BA0 /* EndPoint.swift */; };
		9795D37A289A806C003F2BA0 /* Alamofire in Frameworks */ = {isa = PBXBuildFile; productRef = 9795D379289A806C003F2BA0 /* Alamofire */; };
		9795D37D289A8078003F2BA0 /* SwiftyJSON in Frameworks */ = {isa = PBXBuildFile; productRef = 9795D37C289A8078003F2BA0 /* SwiftyJSON */; };
		9795D380289A8082003F2BA0 /* Kingfisher in Frameworks */ = {isa = PBXBuildFile; productRef = 9795D37F289A8082003F2BA0 /* Kingfisher */; };
		9795D387289A8555003F2BA0 /* TMDBCollectionViewCell.swift in Sources */ = {isa = PBXBuildFile; fileRef = 9795D385289A8555003F2BA0 /* TMDBCollectionViewCell.swift */; };
		9795D388289A8555003F2BA0 /* TMDBCollectionViewCell.xib in Resources */ = {isa = PBXBuildFile; fileRef = 9795D386289A8555003F2BA0 /* TMDBCollectionViewCell.xib */; };
		9795D38B289A8C84003F2BA0 /* TMDBModel.swift in Sources */ = {isa = PBXBuildFile; fileRef = 9795D38A289A8C84003F2BA0 /* TMDBModel.swift */; };
		979AA3D1289D2814009378EC /* VideoView.storyboard in Resources */ = {isa = PBXBuildFile; fileRef = 979AA3D0289D2814009378EC /* VideoView.storyboard */; };
		979AA3D3289D2E8D009378EC /* VideoViewController.swift in Sources */ = {isa = PBXBuildFile; fileRef = 979AA3D2289D2E8D009378EC /* VideoViewController.swift */; };
		979AA3D6289D6EA0009378EC /* JGProgressHUD in Frameworks */ = {isa = PBXBuildFile; productRef = 979AA3D5289D6EA0009378EC /* JGProgressHUD */; };
		979AA3D9289D7AD4009378EC /* TMDBAPIManager.swift in Sources */ = {isa = PBXBuildFile; fileRef = 979AA3D8289D7AD4009378EC /* TMDBAPIManager.swift */; };
		97A1991B28A502C000E5E192 /* Theater.storyboard in Resources */ = {isa = PBXBuildFile; fileRef = 97A1991A28A502C000E5E192 /* Theater.storyboard */; };
		97A1991D28A502CC00E5E192 /* TheaterViewController.swift in Sources */ = {isa = PBXBuildFile; fileRef = 97A1991C28A502CC00E5E192 /* TheaterViewController.swift */; };
		97A1992028A503D900E5E192 /* Storyboard.swift in Sources */ = {isa = PBXBuildFile; fileRef = 97A1991F28A503D900E5E192 /* Storyboard.swift */; };
		97A1992228A50B5E00E5E192 /* TheaterModel.swift in Sources */ = {isa = PBXBuildFile; fileRef = 97A1992128A50B5E00E5E192 /* TheaterModel.swift */; };
		97E5A46B2899FA8F00FFCB3D /* AppDelegate.swift in Sources */ = {isa = PBXBuildFile; fileRef = 97E5A46A2899FA8F00FFCB3D /* AppDelegate.swift */; };
		97E5A46D2899FA8F00FFCB3D /* SceneDelegate.swift in Sources */ = {isa = PBXBuildFile; fileRef = 97E5A46C2899FA8F00FFCB3D /* SceneDelegate.swift */; };
		97E5A46F2899FA8F00FFCB3D /* TMDBViewController.swift in Sources */ = {isa = PBXBuildFile; fileRef = 97E5A46E2899FA8F00FFCB3D /* TMDBViewController.swift */; };
		97E5A4722899FA8F00FFCB3D /* Main.storyboard in Resources */ = {isa = PBXBuildFile; fileRef = 97E5A4702899FA8F00FFCB3D /* Main.storyboard */; };
		97E5A4742899FA9000FFCB3D /* Assets.xcassets in Resources */ = {isa = PBXBuildFile; fileRef = 97E5A4732899FA9000FFCB3D /* Assets.xcassets */; };
		97E5A4772899FA9000FFCB3D /* LaunchScreen.storyboard in Resources */ = {isa = PBXBuildFile; fileRef = 97E5A4752899FA9000FFCB3D /* LaunchScreen.storyboard */; };
		97E5A47F2899FAA500FFCB3D /* .gitignore in Resources */ = {isa = PBXBuildFile; fileRef = 97E5A47E2899FAA500FFCB3D /* .gitignore */; };
		97E5A4822899FAE300FFCB3D /* APIKey.swift in Sources */ = {isa = PBXBuildFile; fileRef = 97E5A4812899FAE300FFCB3D /* APIKey.swift */; };
		97ECF174289BCAAE00A550F5 /* MovieDetail.storyboard in Resources */ = {isa = PBXBuildFile; fileRef = 97ECF173289BCAAE00A550F5 /* MovieDetail.storyboard */; };
		97ECF178289BCBBE00A550F5 /* MovieDetailViewController.swift in Sources */ = {isa = PBXBuildFile; fileRef = 97ECF177289BCBBE00A550F5 /* MovieDetailViewController.swift */; };
		97ECF181289BD84300A550F5 /* Protocol.swift in Sources */ = {isa = PBXBuildFile; fileRef = 97ECF180289BD84300A550F5 /* Protocol.swift */; };
		97ECF183289BDAAF00A550F5 /* UIViewController+Extension.swift in Sources */ = {isa = PBXBuildFile; fileRef = 97ECF182289BDAAF00A550F5 /* UIViewController+Extension.swift */; };
		97ECF185289BDB3F00A550F5 /* UITableViewCell+Extension.swift in Sources */ = {isa = PBXBuildFile; fileRef = 97ECF184289BDB3F00A550F5 /* UITableViewCell+Extension.swift */; };
		97ECF189289BEECA00A550F5 /* OverviewTableViewCell.swift in Sources */ = {isa = PBXBuildFile; fileRef = 97ECF187289BEECA00A550F5 /* OverviewTableViewCell.swift */; };
		97ECF18F289BEF1900A550F5 /* CastTableViewCell.swift in Sources */ = {isa = PBXBuildFile; fileRef = 97ECF18E289BEF1900A550F5 /* CastTableViewCell.swift */; };
		97ECF191289BEF6900A550F5 /* CrewTableViewCell.swift in Sources */ = {isa = PBXBuildFile; fileRef = 97ECF190289BEF6900A550F5 /* CrewTableViewCell.swift */; };
		97ECF193289BEFEB00A550F5 /* CastModel.swift in Sources */ = {isa = PBXBuildFile; fileRef = 97ECF192289BEFEB00A550F5 /* CastModel.swift */; };
		97ECF195289BFF8200A550F5 /* CastTableViewCell.xib in Resources */ = {isa = PBXBuildFile; fileRef = 97ECF194289BFF8200A550F5 /* CastTableViewCell.xib */; };
		97ECF197289BFF9D00A550F5 /* OverviewTableViewCell.xib in Resources */ = {isa = PBXBuildFile; fileRef = 97ECF196289BFF9D00A550F5 /* OverviewTableViewCell.xib */; };
		97ECF199289BFFBB00A550F5 /* CrewTableViewCell.xib in Resources */ = {isa = PBXBuildFile; fileRef = 97ECF198289BFFBB00A550F5 /* CrewTableViewCell.xib */; };
		97ECF19D289C077000A550F5 /* CrewModel.swift in Sources */ = {isa = PBXBuildFile; fileRef = 97ECF19C289C077000A550F5 /* CrewModel.swift */; };
		97ECF19F289C3AA000A550F5 /* GenreModel.swift in Sources */ = {isa = PBXBuildFile; fileRef = 97ECF19E289C3AA000A550F5 /* GenreModel.swift */; };
/* End PBXBuildFile section */

/* Begin PBXFileReference section */
		9703FCAF28A24F58008D90D9 /* ReuseView.swift */ = {isa = PBXFileReference; lastKnownFileType = sourcecode.swift; path = ReuseView.swift; sourceTree = "<group>"; };
		9703FCB128A2508F008D90D9 /* NetflixView.storyboard */ = {isa = PBXFileReference; lastKnownFileType = file.storyboard; path = NetflixView.storyboard; sourceTree = "<group>"; };
		9703FCB428A2538E008D90D9 /* ReuseTableViewCell.swift */ = {isa = PBXFileReference; lastKnownFileType = sourcecode.swift; path = ReuseTableViewCell.swift; sourceTree = "<group>"; };
		9703FCB528A2538E008D90D9 /* ReuseTableViewCell.xib */ = {isa = PBXFileReference; lastKnownFileType = file.xib; path = ReuseTableViewCell.xib; sourceTree = "<group>"; };
		9703FCB828A25AB2008D90D9 /* NetflixViewController.swift */ = {isa = PBXFileReference; lastKnownFileType = sourcecode.swift; path = NetflixViewController.swift; sourceTree = "<group>"; };
		9703FCBE28A2B0FB008D90D9 /* ReuseView.xib */ = {isa = PBXFileReference; lastKnownFileType = file.xib; path = ReuseView.xib; sourceTree = "<group>"; };
		9703FCC228A2B634008D90D9 /* MovieCollectionViewCell.swift */ = {isa = PBXFileReference; lastKnownFileType = sourcecode.swift; path = MovieCollectionViewCell.swift; sourceTree = "<group>"; };
		9703FCC328A2B634008D90D9 /* MovieCollectionViewCell.xib */ = {isa = PBXFileReference; lastKnownFileType = file.xib; path = MovieCollectionViewCell.xib; sourceTree = "<group>"; };
		970DBC1628A6346700339CFC /* LocationTest.storyboard */ = {isa = PBXFileReference; lastKnownFileType = file.storyboard; path = LocationTest.storyboard; sourceTree = "<group>"; };
		970DBC1828A6347300339CFC /* LocationTestViewController.swift */ = {isa = PBXFileReference; lastKnownFileType = sourcecode.swift; path = LocationTestViewController.swift; sourceTree = "<group>"; };
		970DBC1A28A6889A00339CFC /* PickerViewController.swift */ = {isa = PBXFileReference; lastKnownFileType = sourcecode.swift; path = PickerViewController.swift; sourceTree = "<group>"; };
		970DBC1C28A688A400339CFC /* PHPicker.storyboard */ = {isa = PBXFileReference; lastKnownFileType = file.storyboard; path = PHPicker.storyboard; sourceTree = "<group>"; };
		9795D376289A7DFA003F2BA0 /* EndPoint.swift */ = {isa = PBXFileReference; lastKnownFileType = sourcecode.swift; path = EndPoint.swift; sourceTree = "<group>"; };
		9795D385289A8555003F2BA0 /* TMDBCollectionViewCell.swift */ = {isa = PBXFileReference; lastKnownFileType = sourcecode.swift; path = TMDBCollectionViewCell.swift; sourceTree = "<group>"; };
		9795D386289A8555003F2BA0 /* TMDBCollectionViewCell.xib */ = {isa = PBXFileReference; lastKnownFileType = file.xib; path = TMDBCollectionViewCell.xib; sourceTree = "<group>"; };
		9795D38A289A8C84003F2BA0 /* TMDBModel.swift */ = {isa = PBXFileReference; lastKnownFileType = sourcecode.swift; path = TMDBModel.swift; sourceTree = "<group>"; };
		979AA3D0289D2814009378EC /* VideoView.storyboard */ = {isa = PBXFileReference; lastKnownFileType = file.storyboard; path = VideoView.storyboard; sourceTree = "<group>"; };
		979AA3D2289D2E8D009378EC /* VideoViewController.swift */ = {isa = PBXFileReference; lastKnownFileType = sourcecode.swift; path = VideoViewController.swift; sourceTree = "<group>"; };
		979AA3D8289D7AD4009378EC /* TMDBAPIManager.swift */ = {isa = PBXFileReference; lastKnownFileType = sourcecode.swift; path = TMDBAPIManager.swift; sourceTree = "<group>"; };
		97A1991A28A502C000E5E192 /* Theater.storyboard */ = {isa = PBXFileReference; lastKnownFileType = file.storyboard; path = Theater.storyboard; sourceTree = "<group>"; };
		97A1991C28A502CC00E5E192 /* TheaterViewController.swift */ = {isa = PBXFileReference; lastKnownFileType = sourcecode.swift; path = TheaterViewController.swift; sourceTree = "<group>"; };
		97A1991F28A503D900E5E192 /* Storyboard.swift */ = {isa = PBXFileReference; lastKnownFileType = sourcecode.swift; path = Storyboard.swift; sourceTree = "<group>"; };
		97A1992128A50B5E00E5E192 /* TheaterModel.swift */ = {isa = PBXFileReference; lastKnownFileType = sourcecode.swift; path = TheaterModel.swift; sourceTree = "<group>"; };
		97E5A4672899FA8F00FFCB3D /* SesacTMDBProject.app */ = {isa = PBXFileReference; explicitFileType = wrapper.application; includeInIndex = 0; path = SesacTMDBProject.app; sourceTree = BUILT_PRODUCTS_DIR; };
		97E5A46A2899FA8F00FFCB3D /* AppDelegate.swift */ = {isa = PBXFileReference; lastKnownFileType = sourcecode.swift; path = AppDelegate.swift; sourceTree = "<group>"; };
		97E5A46C2899FA8F00FFCB3D /* SceneDelegate.swift */ = {isa = PBXFileReference; lastKnownFileType = sourcecode.swift; path = SceneDelegate.swift; sourceTree = "<group>"; };
		97E5A46E2899FA8F00FFCB3D /* TMDBViewController.swift */ = {isa = PBXFileReference; lastKnownFileType = sourcecode.swift; path = TMDBViewController.swift; sourceTree = "<group>"; };
		97E5A4712899FA8F00FFCB3D /* Base */ = {isa = PBXFileReference; lastKnownFileType = file.storyboard; name = Base; path = Base.lproj/Main.storyboard; sourceTree = "<group>"; };
		97E5A4732899FA9000FFCB3D /* Assets.xcassets */ = {isa = PBXFileReference; lastKnownFileType = folder.assetcatalog; path = Assets.xcassets; sourceTree = "<group>"; };
		97E5A4762899FA9000FFCB3D /* Base */ = {isa = PBXFileReference; lastKnownFileType = file.storyboard; name = Base; path = Base.lproj/LaunchScreen.storyboard; sourceTree = "<group>"; };
		97E5A4782899FA9000FFCB3D /* Info.plist */ = {isa = PBXFileReference; lastKnownFileType = text.plist.xml; path = Info.plist; sourceTree = "<group>"; };
		97E5A47E2899FAA500FFCB3D /* .gitignore */ = {isa = PBXFileReference; lastKnownFileType = text; path = .gitignore; sourceTree = "<group>"; };
		97E5A4812899FAE300FFCB3D /* APIKey.swift */ = {isa = PBXFileReference; lastKnownFileType = sourcecode.swift; path = APIKey.swift; sourceTree = "<group>"; };
		97ECF173289BCAAE00A550F5 /* MovieDetail.storyboard */ = {isa = PBXFileReference; lastKnownFileType = file.storyboard; path = MovieDetail.storyboard; sourceTree = "<group>"; };
		97ECF177289BCBBE00A550F5 /* MovieDetailViewController.swift */ = {isa = PBXFileReference; lastKnownFileType = sourcecode.swift; path = MovieDetailViewController.swift; sourceTree = "<group>"; };
		97ECF180289BD84300A550F5 /* Protocol.swift */ = {isa = PBXFileReference; lastKnownFileType = sourcecode.swift; path = Protocol.swift; sourceTree = "<group>"; };
		97ECF182289BDAAF00A550F5 /* UIViewController+Extension.swift */ = {isa = PBXFileReference; lastKnownFileType = sourcecode.swift; path = "UIViewController+Extension.swift"; sourceTree = "<group>"; };
		97ECF184289BDB3F00A550F5 /* UITableViewCell+Extension.swift */ = {isa = PBXFileReference; lastKnownFileType = sourcecode.swift; path = "UITableViewCell+Extension.swift"; sourceTree = "<group>"; };
		97ECF187289BEECA00A550F5 /* OverviewTableViewCell.swift */ = {isa = PBXFileReference; lastKnownFileType = sourcecode.swift; path = OverviewTableViewCell.swift; sourceTree = "<group>"; };
		97ECF18E289BEF1900A550F5 /* CastTableViewCell.swift */ = {isa = PBXFileReference; lastKnownFileType = sourcecode.swift; path = CastTableViewCell.swift; sourceTree = "<group>"; };
		97ECF190289BEF6900A550F5 /* CrewTableViewCell.swift */ = {isa = PBXFileReference; lastKnownFileType = sourcecode.swift; path = CrewTableViewCell.swift; sourceTree = "<group>"; };
		97ECF192289BEFEB00A550F5 /* CastModel.swift */ = {isa = PBXFileReference; lastKnownFileType = sourcecode.swift; path = CastModel.swift; sourceTree = "<group>"; };
		97ECF194289BFF8200A550F5 /* CastTableViewCell.xib */ = {isa = PBXFileReference; lastKnownFileType = file.xib; path = CastTableViewCell.xib; sourceTree = "<group>"; };
		97ECF196289BFF9D00A550F5 /* OverviewTableViewCell.xib */ = {isa = PBXFileReference; lastKnownFileType = file.xib; path = OverviewTableViewCell.xib; sourceTree = "<group>"; };
		97ECF198289BFFBB00A550F5 /* CrewTableViewCell.xib */ = {isa = PBXFileReference; lastKnownFileType = file.xib; path = CrewTableViewCell.xib; sourceTree = "<group>"; };
		97ECF19C289C077000A550F5 /* CrewModel.swift */ = {isa = PBXFileReference; lastKnownFileType = sourcecode.swift; path = CrewModel.swift; sourceTree = "<group>"; };
		97ECF19E289C3AA000A550F5 /* GenreModel.swift */ = {isa = PBXFileReference; lastKnownFileType = sourcecode.swift; path = GenreModel.swift; sourceTree = "<group>"; };
/* End PBXFileReference section */

/* Begin PBXFrameworksBuildPhase section */
		97E5A4642899FA8F00FFCB3D /* Frameworks */ = {
			isa = PBXFrameworksBuildPhase;
			buildActionMask = 2147483647;
			files = (
				979AA3D6289D6EA0009378EC /* JGProgressHUD in Frameworks */,
				9795D380289A8082003F2BA0 /* Kingfisher in Frameworks */,
				9795D37D289A8078003F2BA0 /* SwiftyJSON in Frameworks */,
				9795D37A289A806C003F2BA0 /* Alamofire in Frameworks */,
			);
			runOnlyForDeploymentPostprocessing = 0;
		};
/* End PBXFrameworksBuildPhase section */

/* Begin PBXGroup section */
		9703FCA928A24DA9008D90D9 /* Scene */ = {
			isa = PBXGroup;
			children = (
				97A1991928A502A800E5E192 /* Theater */,
				9703FCAA28A24DF0008D90D9 /* ReuseView */,
				979AA3CF289D27F8009378EC /* VideoView */,
				97ECF176289BCB0600A550F5 /* MovieDetail */,
				97ECF175289BCABE00A550F5 /* Main */,
			);
			path = Scene;
			sourceTree = "<group>";
		};
		9703FCAA28A24DF0008D90D9 /* ReuseView */ = {
			isa = PBXGroup;
			children = (
				9703FCB328A25374008D90D9 /* Cell */,
				9703FCBE28A2B0FB008D90D9 /* ReuseView.xib */,
				9703FCAF28A24F58008D90D9 /* ReuseView.swift */,
				9703FCB128A2508F008D90D9 /* NetflixView.storyboard */,
				9703FCB828A25AB2008D90D9 /* NetflixViewController.swift */,
			);
			path = ReuseView;
			sourceTree = "<group>";
		};
		9703FCB328A25374008D90D9 /* Cell */ = {
			isa = PBXGroup;
			children = (
				9703FCB428A2538E008D90D9 /* ReuseTableViewCell.swift */,
				9703FCB528A2538E008D90D9 /* ReuseTableViewCell.xib */,
				9703FCC228A2B634008D90D9 /* MovieCollectionViewCell.swift */,
				9703FCC328A2B634008D90D9 /* MovieCollectionViewCell.xib */,
			);
			path = Cell;
			sourceTree = "<group>";
		};
		970DBC1528A62C5600339CFC /* Test */ = {
			isa = PBXGroup;
			children = (
				970DBC1628A6346700339CFC /* LocationTest.storyboard */,
				970DBC1828A6347300339CFC /* LocationTestViewController.swift */,
				970DBC1A28A6889A00339CFC /* PickerViewController.swift */,
				970DBC1C28A688A400339CFC /* PHPicker.storyboard */,
			);
			path = Test;
			sourceTree = "<group>";
		};
		9795D375289A7DEE003F2BA0 /* EndPoint */ = {
			isa = PBXGroup;
			children = (
				9795D376289A7DFA003F2BA0 /* EndPoint.swift */,
			);
			path = EndPoint;
			sourceTree = "<group>";
		};
		9795D389289A8C65003F2BA0 /* Model */ = {
			isa = PBXGroup;
			children = (
				9795D38A289A8C84003F2BA0 /* TMDBModel.swift */,
				97ECF192289BEFEB00A550F5 /* CastModel.swift */,
				97ECF19C289C077000A550F5 /* CrewModel.swift */,
				97ECF19E289C3AA000A550F5 /* GenreModel.swift */,
				97A1992128A50B5E00E5E192 /* TheaterModel.swift */,
			);
			path = Model;
			sourceTree = "<group>";
		};
		979AA3CF289D27F8009378EC /* VideoView */ = {
			isa = PBXGroup;
			children = (
				979AA3D0289D2814009378EC /* VideoView.storyboard */,
				979AA3D2289D2E8D009378EC /* VideoViewController.swift */,
			);
			path = VideoView;
			sourceTree = "<group>";
		};
		979AA3D7289D7A82009378EC /* Manager */ = {
			isa = PBXGroup;
			children = (
				979AA3D8289D7AD4009378EC /* TMDBAPIManager.swift */,
			);
			path = Manager;
			sourceTree = "<group>";
		};
		97A1991928A502A800E5E192 /* Theater */ = {
			isa = PBXGroup;
			children = (
				97A1991A28A502C000E5E192 /* Theater.storyboard */,
				97A1991C28A502CC00E5E192 /* TheaterViewController.swift */,
			);
			path = Theater;
			sourceTree = "<group>";
		};
		97E5A45E2899FA8F00FFCB3D = {
			isa = PBXGroup;
			children = (
				97A1991F28A503D900E5E192 /* Storyboard.swift */,
				97E5A47E2899FAA500FFCB3D /* .gitignore */,
				979AA3D7289D7A82009378EC /* Manager */,
				97E5A4692899FA8F00FFCB3D /* SesacTMDBProject */,
				97E5A4682899FA8F00FFCB3D /* Products */,
			);
			sourceTree = "<group>";
		};
		97E5A4682899FA8F00FFCB3D /* Products */ = {
			isa = PBXGroup;
			children = (
				97E5A4672899FA8F00FFCB3D /* SesacTMDBProject.app */,
			);
			name = Products;
			sourceTree = "<group>";
		};
		97E5A4692899FA8F00FFCB3D /* SesacTMDBProject */ = {
			isa = PBXGroup;
			children = (
				970DBC1528A62C5600339CFC /* Test */,
				97E5A46A2899FA8F00FFCB3D /* AppDelegate.swift */,
				97E5A46C2899FA8F00FFCB3D /* SceneDelegate.swift */,
				97E5A4732899FA9000FFCB3D /* Assets.xcassets */,
				97E5A4752899FA9000FFCB3D /* LaunchScreen.storyboard */,
				97E5A4782899FA9000FFCB3D /* Info.plist */,
				9703FCA928A24DA9008D90D9 /* Scene */,
				97E5A4802899FAD600FFCB3D /* Key */,
				9795D375289A7DEE003F2BA0 /* EndPoint */,
				9795D389289A8C65003F2BA0 /* Model */,
				97ECF17E289BD82200A550F5 /* Extension */,
				97ECF180289BD84300A550F5 /* Protocol.swift */,
			);
			path = SesacTMDBProject;
			sourceTree = "<group>";
		};
		97E5A4802899FAD600FFCB3D /* Key */ = {
			isa = PBXGroup;
			children = (
				97E5A4812899FAE300FFCB3D /* APIKey.swift */,
			);
			path = Key;
			sourceTree = "<group>";
		};
		97ECF175289BCABE00A550F5 /* Main */ = {
			isa = PBXGroup;
			children = (
				97E5A4702899FA8F00FFCB3D /* Main.storyboard */,
				97E5A46E2899FA8F00FFCB3D /* TMDBViewController.swift */,
				9795D385289A8555003F2BA0 /* TMDBCollectionViewCell.swift */,
				9795D386289A8555003F2BA0 /* TMDBCollectionViewCell.xib */,
			);
			path = Main;
			sourceTree = "<group>";
		};
		97ECF176289BCB0600A550F5 /* MovieDetail */ = {
			isa = PBXGroup;
			children = (
				97ECF173289BCAAE00A550F5 /* MovieDetail.storyboard */,
				97ECF177289BCBBE00A550F5 /* MovieDetailViewController.swift */,
				97ECF186289BEE9400A550F5 /* Cell */,
			);
			path = MovieDetail;
			sourceTree = "<group>";
		};
		97ECF17E289BD82200A550F5 /* Extension */ = {
			isa = PBXGroup;
			children = (
				97ECF182289BDAAF00A550F5 /* UIViewController+Extension.swift */,
				97ECF184289BDB3F00A550F5 /* UITableViewCell+Extension.swift */,
			);
			path = Extension;
			sourceTree = "<group>";
		};
		97ECF186289BEE9400A550F5 /* Cell */ = {
			isa = PBXGroup;
			children = (
				97ECF18D289BEEEA00A550F5 /* Cast */,
				97ECF18C289BEEE300A550F5 /* Overview */,
				97ECF18B289BEECF00A550F5 /* Crew */,
			);
			path = Cell;
			sourceTree = "<group>";
		};
		97ECF18B289BEECF00A550F5 /* Crew */ = {
			isa = PBXGroup;
			children = (
				97ECF190289BEF6900A550F5 /* CrewTableViewCell.swift */,
				97ECF198289BFFBB00A550F5 /* CrewTableViewCell.xib */,
			);
			path = Crew;
			sourceTree = "<group>";
		};
		97ECF18C289BEEE300A550F5 /* Overview */ = {
			isa = PBXGroup;
			children = (
				97ECF187289BEECA00A550F5 /* OverviewTableViewCell.swift */,
				97ECF196289BFF9D00A550F5 /* OverviewTableViewCell.xib */,
			);
			path = Overview;
			sourceTree = "<group>";
		};
		97ECF18D289BEEEA00A550F5 /* Cast */ = {
			isa = PBXGroup;
			children = (
				97ECF194289BFF8200A550F5 /* CastTableViewCell.xib */,
				97ECF18E289BEF1900A550F5 /* CastTableViewCell.swift */,
			);
			path = Cast;
			sourceTree = "<group>";
		};
/* End PBXGroup section */

/* Begin PBXNativeTarget section */
		97E5A4662899FA8F00FFCB3D /* SesacTMDBProject */ = {
			isa = PBXNativeTarget;
			buildConfigurationList = 97E5A47B2899FA9000FFCB3D /* Build configuration list for PBXNativeTarget "SesacTMDBProject" */;
			buildPhases = (
				97E5A4632899FA8F00FFCB3D /* Sources */,
				97E5A4642899FA8F00FFCB3D /* Frameworks */,
				97E5A4652899FA8F00FFCB3D /* Resources */,
			);
			buildRules = (
			);
			dependencies = (
			);
			name = SesacTMDBProject;
			packageProductDependencies = (
				9795D379289A806C003F2BA0 /* Alamofire */,
				9795D37C289A8078003F2BA0 /* SwiftyJSON */,
				9795D37F289A8082003F2BA0 /* Kingfisher */,
				979AA3D5289D6EA0009378EC /* JGProgressHUD */,
			);
			productName = SesacTMDBProject;
			productReference = 97E5A4672899FA8F00FFCB3D /* SesacTMDBProject.app */;
			productType = "com.apple.product-type.application";
		};
/* End PBXNativeTarget section */

/* Begin PBXProject section */
		97E5A45F2899FA8F00FFCB3D /* Project object */ = {
			isa = PBXProject;
			attributes = {
				BuildIndependentTargetsInParallel = 1;
				LastSwiftUpdateCheck = 1340;
				LastUpgradeCheck = 1340;
				TargetAttributes = {
					97E5A4662899FA8F00FFCB3D = {
						CreatedOnToolsVersion = 13.4.1;
					};
				};
			};
			buildConfigurationList = 97E5A4622899FA8F00FFCB3D /* Build configuration list for PBXProject "SesacTMDBProject" */;
			compatibilityVersion = "Xcode 13.0";
			developmentRegion = en;
			hasScannedForEncodings = 0;
			knownRegions = (
				en,
				Base,
			);
			mainGroup = 97E5A45E2899FA8F00FFCB3D;
			packageReferences = (
				9795D378289A806C003F2BA0 /* XCRemoteSwiftPackageReference "Alamofire" */,
				9795D37B289A8078003F2BA0 /* XCRemoteSwiftPackageReference "SwiftyJSON" */,
				9795D37E289A8082003F2BA0 /* XCRemoteSwiftPackageReference "Kingfisher" */,
				979AA3D4289D6E9F009378EC /* XCRemoteSwiftPackageReference "JGProgressHUD" */,
			);
			productRefGroup = 97E5A4682899FA8F00FFCB3D /* Products */;
			projectDirPath = "";
			projectRoot = "";
			targets = (
				97E5A4662899FA8F00FFCB3D /* SesacTMDBProject */,
			);
		};
/* End PBXProject section */

/* Begin PBXResourcesBuildPhase section */
		97E5A4652899FA8F00FFCB3D /* Resources */ = {
			isa = PBXResourcesBuildPhase;
			buildActionMask = 2147483647;
			files = (
				97ECF174289BCAAE00A550F5 /* MovieDetail.storyboard in Resources */,
				97A1991B28A502C000E5E192 /* Theater.storyboard in Resources */,
				9795D388289A8555003F2BA0 /* TMDBCollectionViewCell.xib in Resources */,
				97ECF199289BFFBB00A550F5 /* CrewTableViewCell.xib in Resources */,
				97E5A47F2899FAA500FFCB3D /* .gitignore in Resources */,
				97E5A4772899FA9000FFCB3D /* LaunchScreen.storyboard in Resources */,
				9703FCBF28A2B0FB008D90D9 /* ReuseView.xib in Resources */,
				970DBC1D28A688A400339CFC /* PHPicker.storyboard in Resources */,
				970DBC1728A6346700339CFC /* LocationTest.storyboard in Resources */,
				97ECF195289BFF8200A550F5 /* CastTableViewCell.xib in Resources */,
				97ECF197289BFF9D00A550F5 /* OverviewTableViewCell.xib in Resources */,
				9703FCB728A2538E008D90D9 /* ReuseTableViewCell.xib in Resources */,
				97E5A4742899FA9000FFCB3D /* Assets.xcassets in Resources */,
				97E5A4722899FA8F00FFCB3D /* Main.storyboard in Resources */,
				9703FCB228A2508F008D90D9 /* NetflixView.storyboard in Resources */,
				979AA3D1289D2814009378EC /* VideoView.storyboard in Resources */,
				9703FCC528A2B634008D90D9 /* MovieCollectionViewCell.xib in Resources */,
			);
			runOnlyForDeploymentPostprocessing = 0;
		};
/* End PBXResourcesBuildPhase section */

/* Begin PBXSourcesBuildPhase section */
		97E5A4632899FA8F00FFCB3D /* Sources */ = {
			isa = PBXSourcesBuildPhase;
			buildActionMask = 2147483647;
			files = (
				9703FCB628A2538E008D90D9 /* ReuseTableViewCell.swift in Sources */,
				97ECF183289BDAAF00A550F5 /* UIViewController+Extension.swift in Sources */,
				970DBC1928A6347300339CFC /* LocationTestViewController.swift in Sources */,
				9703FCB028A24F58008D90D9 /* ReuseView.swift in Sources */,
				97ECF18F289BEF1900A550F5 /* CastTableViewCell.swift in Sources */,
				979AA3D3289D2E8D009378EC /* VideoViewController.swift in Sources */,
				97ECF191289BEF6900A550F5 /* CrewTableViewCell.swift in Sources */,
				9795D38B289A8C84003F2BA0 /* TMDBModel.swift in Sources */,
				97E5A46F2899FA8F00FFCB3D /* TMDBViewController.swift in Sources */,
				97E5A46B2899FA8F00FFCB3D /* AppDelegate.swift in Sources */,
				97A1992228A50B5E00E5E192 /* TheaterModel.swift in Sources */,
				97ECF193289BEFEB00A550F5 /* CastModel.swift in Sources */,
				970DBC1B28A6889A00339CFC /* PickerViewController.swift in Sources */,
				9703FCC428A2B634008D90D9 /* MovieCollectionViewCell.swift in Sources */,
				97ECF19F289C3AA000A550F5 /* GenreModel.swift in Sources */,
				9795D377289A7DFA003F2BA0 /* EndPoint.swift in Sources */,
				97ECF178289BCBBE00A550F5 /* MovieDetailViewController.swift in Sources */,
				9703FCB928A25AB2008D90D9 /* NetflixViewController.swift in Sources */,
				979AA3D9289D7AD4009378EC /* TMDBAPIManager.swift in Sources */,
				97ECF185289BDB3F00A550F5 /* UITableViewCell+Extension.swift in Sources */,
				9795D387289A8555003F2BA0 /* TMDBCollectionViewCell.swift in Sources */,
				97A1991D28A502CC00E5E192 /* TheaterViewController.swift in Sources */,
				97ECF189289BEECA00A550F5 /* OverviewTableViewCell.swift in Sources */,
				97ECF19D289C077000A550F5 /* CrewModel.swift in Sources */,
				97A1992028A503D900E5E192 /* Storyboard.swift in Sources */,
				97E5A4822899FAE300FFCB3D /* APIKey.swift in Sources */,
				97E5A46D2899FA8F00FFCB3D /* SceneDelegate.swift in Sources */,
				97ECF181289BD84300A550F5 /* Protocol.swift in Sources */,
			);
			runOnlyForDeploymentPostprocessing = 0;
		};
/* End PBXSourcesBuildPhase section */

/* Begin PBXVariantGroup section */
		97E5A4702899FA8F00FFCB3D /* Main.storyboard */ = {
			isa = PBXVariantGroup;
			children = (
				97E5A4712899FA8F00FFCB3D /* Base */,
			);
			name = Main.storyboard;
			sourceTree = "<group>";
		};
		97E5A4752899FA9000FFCB3D /* LaunchScreen.storyboard */ = {
			isa = PBXVariantGroup;
			children = (
				97E5A4762899FA9000FFCB3D /* Base */,
			);
			name = LaunchScreen.storyboard;
			sourceTree = "<group>";
		};
/* End PBXVariantGroup section */

/* Begin XCBuildConfiguration section */
		97E5A4792899FA9000FFCB3D /* Debug */ = {
			isa = XCBuildConfiguration;
			buildSettings = {
				ALWAYS_SEARCH_USER_PATHS = NO;
				CLANG_ANALYZER_NONNULL = YES;
				CLANG_ANALYZER_NUMBER_OBJECT_CONVERSION = YES_AGGRESSIVE;
				CLANG_CXX_LANGUAGE_STANDARD = "gnu++17";
				CLANG_ENABLE_MODULES = YES;
				CLANG_ENABLE_OBJC_ARC = YES;
				CLANG_ENABLE_OBJC_WEAK = YES;
				CLANG_WARN_BLOCK_CAPTURE_AUTORELEASING = YES;
				CLANG_WARN_BOOL_CONVERSION = YES;
				CLANG_WARN_COMMA = YES;
				CLANG_WARN_CONSTANT_CONVERSION = YES;
				CLANG_WARN_DEPRECATED_OBJC_IMPLEMENTATIONS = YES;
				CLANG_WARN_DIRECT_OBJC_ISA_USAGE = YES_ERROR;
				CLANG_WARN_DOCUMENTATION_COMMENTS = YES;
				CLANG_WARN_EMPTY_BODY = YES;
				CLANG_WARN_ENUM_CONVERSION = YES;
				CLANG_WARN_INFINITE_RECURSION = YES;
				CLANG_WARN_INT_CONVERSION = YES;
				CLANG_WARN_NON_LITERAL_NULL_CONVERSION = YES;
				CLANG_WARN_OBJC_IMPLICIT_RETAIN_SELF = YES;
				CLANG_WARN_OBJC_LITERAL_CONVERSION = YES;
				CLANG_WARN_OBJC_ROOT_CLASS = YES_ERROR;
				CLANG_WARN_QUOTED_INCLUDE_IN_FRAMEWORK_HEADER = YES;
				CLANG_WARN_RANGE_LOOP_ANALYSIS = YES;
				CLANG_WARN_STRICT_PROTOTYPES = YES;
				CLANG_WARN_SUSPICIOUS_MOVE = YES;
				CLANG_WARN_UNGUARDED_AVAILABILITY = YES_AGGRESSIVE;
				CLANG_WARN_UNREACHABLE_CODE = YES;
				CLANG_WARN__DUPLICATE_METHOD_MATCH = YES;
				COPY_PHASE_STRIP = NO;
				DEBUG_INFORMATION_FORMAT = dwarf;
				ENABLE_STRICT_OBJC_MSGSEND = YES;
				ENABLE_TESTABILITY = YES;
				GCC_C_LANGUAGE_STANDARD = gnu11;
				GCC_DYNAMIC_NO_PIC = NO;
				GCC_NO_COMMON_BLOCKS = YES;
				GCC_OPTIMIZATION_LEVEL = 0;
				GCC_PREPROCESSOR_DEFINITIONS = (
					"DEBUG=1",
					"$(inherited)",
				);
				GCC_WARN_64_TO_32_BIT_CONVERSION = YES;
				GCC_WARN_ABOUT_RETURN_TYPE = YES_ERROR;
				GCC_WARN_UNDECLARED_SELECTOR = YES;
				GCC_WARN_UNINITIALIZED_AUTOS = YES_AGGRESSIVE;
				GCC_WARN_UNUSED_FUNCTION = YES;
				GCC_WARN_UNUSED_VARIABLE = YES;
				IPHONEOS_DEPLOYMENT_TARGET = 15.5;
				MTL_ENABLE_DEBUG_INFO = INCLUDE_SOURCE;
				MTL_FAST_MATH = YES;
				ONLY_ACTIVE_ARCH = YES;
				SDKROOT = iphoneos;
				SWIFT_ACTIVE_COMPILATION_CONDITIONS = DEBUG;
				SWIFT_OPTIMIZATION_LEVEL = "-Onone";
			};
			name = Debug;
		};
		97E5A47A2899FA9000FFCB3D /* Release */ = {
			isa = XCBuildConfiguration;
			buildSettings = {
				ALWAYS_SEARCH_USER_PATHS = NO;
				CLANG_ANALYZER_NONNULL = YES;
				CLANG_ANALYZER_NUMBER_OBJECT_CONVERSION = YES_AGGRESSIVE;
				CLANG_CXX_LANGUAGE_STANDARD = "gnu++17";
				CLANG_ENABLE_MODULES = YES;
				CLANG_ENABLE_OBJC_ARC = YES;
				CLANG_ENABLE_OBJC_WEAK = YES;
				CLANG_WARN_BLOCK_CAPTURE_AUTORELEASING = YES;
				CLANG_WARN_BOOL_CONVERSION = YES;
				CLANG_WARN_COMMA = YES;
				CLANG_WARN_CONSTANT_CONVERSION = YES;
				CLANG_WARN_DEPRECATED_OBJC_IMPLEMENTATIONS = YES;
				CLANG_WARN_DIRECT_OBJC_ISA_USAGE = YES_ERROR;
				CLANG_WARN_DOCUMENTATION_COMMENTS = YES;
				CLANG_WARN_EMPTY_BODY = YES;
				CLANG_WARN_ENUM_CONVERSION = YES;
				CLANG_WARN_INFINITE_RECURSION = YES;
				CLANG_WARN_INT_CONVERSION = YES;
				CLANG_WARN_NON_LITERAL_NULL_CONVERSION = YES;
				CLANG_WARN_OBJC_IMPLICIT_RETAIN_SELF = YES;
				CLANG_WARN_OBJC_LITERAL_CONVERSION = YES;
				CLANG_WARN_OBJC_ROOT_CLASS = YES_ERROR;
				CLANG_WARN_QUOTED_INCLUDE_IN_FRAMEWORK_HEADER = YES;
				CLANG_WARN_RANGE_LOOP_ANALYSIS = YES;
				CLANG_WARN_STRICT_PROTOTYPES = YES;
				CLANG_WARN_SUSPICIOUS_MOVE = YES;
				CLANG_WARN_UNGUARDED_AVAILABILITY = YES_AGGRESSIVE;
				CLANG_WARN_UNREACHABLE_CODE = YES;
				CLANG_WARN__DUPLICATE_METHOD_MATCH = YES;
				COPY_PHASE_STRIP = NO;
				DEBUG_INFORMATION_FORMAT = "dwarf-with-dsym";
				ENABLE_NS_ASSERTIONS = NO;
				ENABLE_STRICT_OBJC_MSGSEND = YES;
				GCC_C_LANGUAGE_STANDARD = gnu11;
				GCC_NO_COMMON_BLOCKS = YES;
				GCC_WARN_64_TO_32_BIT_CONVERSION = YES;
				GCC_WARN_ABOUT_RETURN_TYPE = YES_ERROR;
				GCC_WARN_UNDECLARED_SELECTOR = YES;
				GCC_WARN_UNINITIALIZED_AUTOS = YES_AGGRESSIVE;
				GCC_WARN_UNUSED_FUNCTION = YES;
				GCC_WARN_UNUSED_VARIABLE = YES;
				IPHONEOS_DEPLOYMENT_TARGET = 15.5;
				MTL_ENABLE_DEBUG_INFO = NO;
				MTL_FAST_MATH = YES;
				SDKROOT = iphoneos;
				SWIFT_COMPILATION_MODE = wholemodule;
				SWIFT_OPTIMIZATION_LEVEL = "-O";
				VALIDATE_PRODUCT = YES;
			};
			name = Release;
		};
		97E5A47C2899FA9000FFCB3D /* Debug */ = {
			isa = XCBuildConfiguration;
			buildSettings = {
				ASSETCATALOG_COMPILER_APPICON_NAME = AppIcon;
				ASSETCATALOG_COMPILER_GLOBAL_ACCENT_COLOR_NAME = AccentColor;
				CODE_SIGN_STYLE = Automatic;
				CURRENT_PROJECT_VERSION = 1;
				DEVELOPMENT_TEAM = 3C6U386B4C;
				GENERATE_INFOPLIST_FILE = YES;
				INFOPLIST_FILE = SesacTMDBProject/Info.plist;
				INFOPLIST_KEY_NSLocationWhenInUseUsageDescription = "";
				INFOPLIST_KEY_UIApplicationSupportsIndirectInputEvents = YES;
				INFOPLIST_KEY_UILaunchStoryboardName = LaunchScreen;
				INFOPLIST_KEY_UIMainStoryboardFile = PHPicker;
				INFOPLIST_KEY_UISupportedInterfaceOrientations_iPad = "UIInterfaceOrientationPortrait UIInterfaceOrientationPortraitUpsideDown UIInterfaceOrientationLandscapeLeft UIInterfaceOrientationLandscapeRight";
				INFOPLIST_KEY_UISupportedInterfaceOrientations_iPhone = "UIInterfaceOrientationPortrait UIInterfaceOrientationLandscapeLeft UIInterfaceOrientationLandscapeRight";
				LD_RUNPATH_SEARCH_PATHS = (
					"$(inherited)",
					"@executable_path/Frameworks",
				);
				MARKETING_VERSION = 1.0;
				PRODUCT_BUNDLE_IDENTIFIER = com.hee.SesacTMDBProject;
				PRODUCT_NAME = "$(TARGET_NAME)";
				SWIFT_EMIT_LOC_STRINGS = YES;
				SWIFT_VERSION = 5.0;
				TARGETED_DEVICE_FAMILY = "1,2";
			};
			name = Debug;
		};
		97E5A47D2899FA9000FFCB3D /* Release */ = {
			isa = XCBuildConfiguration;
			buildSettings = {
				ASSETCATALOG_COMPILER_APPICON_NAME = AppIcon;
				ASSETCATALOG_COMPILER_GLOBAL_ACCENT_COLOR_NAME = AccentColor;
				CODE_SIGN_STYLE = Automatic;
				CURRENT_PROJECT_VERSION = 1;
				DEVELOPMENT_TEAM = 3C6U386B4C;
				GENERATE_INFOPLIST_FILE = YES;
				INFOPLIST_FILE = SesacTMDBProject/Info.plist;
				INFOPLIST_KEY_NSLocationWhenInUseUsageDescription = "";
				INFOPLIST_KEY_UIApplicationSupportsIndirectInputEvents = YES;
				INFOPLIST_KEY_UILaunchStoryboardName = LaunchScreen;
				INFOPLIST_KEY_UIMainStoryboardFile = PHPicker;
				INFOPLIST_KEY_UISupportedInterfaceOrientations_iPad = "UIInterfaceOrientationPortrait UIInterfaceOrientationPortraitUpsideDown UIInterfaceOrientationLandscapeLeft UIInterfaceOrientationLandscapeRight";
				INFOPLIST_KEY_UISupportedInterfaceOrientations_iPhone = "UIInterfaceOrientationPortrait UIInterfaceOrientationLandscapeLeft UIInterfaceOrientationLandscapeRight";
				LD_RUNPATH_SEARCH_PATHS = (
					"$(inherited)",
					"@executable_path/Frameworks",
				);
				MARKETING_VERSION = 1.0;
				PRODUCT_BUNDLE_IDENTIFIER = com.hee.SesacTMDBProject;
				PRODUCT_NAME = "$(TARGET_NAME)";
				SWIFT_EMIT_LOC_STRINGS = YES;
				SWIFT_VERSION = 5.0;
				TARGETED_DEVICE_FAMILY = "1,2";
			};
			name = Release;
		};
/* End XCBuildConfiguration section */

/* Begin XCConfigurationList section */
		97E5A4622899FA8F00FFCB3D /* Build configuration list for PBXProject "SesacTMDBProject" */ = {
			isa = XCConfigurationList;
			buildConfigurations = (
				97E5A4792899FA9000FFCB3D /* Debug */,
				97E5A47A2899FA9000FFCB3D /* Release */,
			);
			defaultConfigurationIsVisible = 0;
			defaultConfigurationName = Release;
		};
		97E5A47B2899FA9000FFCB3D /* Build configuration list for PBXNativeTarget "SesacTMDBProject" */ = {
			isa = XCConfigurationList;
			buildConfigurations = (
				97E5A47C2899FA9000FFCB3D /* Debug */,
				97E5A47D2899FA9000FFCB3D /* Release */,
			);
			defaultConfigurationIsVisible = 0;
			defaultConfigurationName = Release;
		};
/* End XCConfigurationList section */

/* Begin XCRemoteSwiftPackageReference section */
		9795D378289A806C003F2BA0 /* XCRemoteSwiftPackageReference "Alamofire" */ = {
			isa = XCRemoteSwiftPackageReference;
			repositoryURL = "https://github.com/Alamofire/Alamofire.git";
			requirement = {
				kind = upToNextMajorVersion;
				minimumVersion = 5.0.0;
			};
		};
		9795D37B289A8078003F2BA0 /* XCRemoteSwiftPackageReference "SwiftyJSON" */ = {
			isa = XCRemoteSwiftPackageReference;
			repositoryURL = "https://github.com/SwiftyJSON/SwiftyJSON.git";
			requirement = {
				kind = upToNextMajorVersion;
				minimumVersion = 5.0.0;
			};
		};
		9795D37E289A8082003F2BA0 /* XCRemoteSwiftPackageReference "Kingfisher" */ = {
			isa = XCRemoteSwiftPackageReference;
			repositoryURL = "https://github.com/onevcat/Kingfisher.git";
			requirement = {
				kind = upToNextMajorVersion;
				minimumVersion = 7.0.0;
			};
		};
		979AA3D4289D6E9F009378EC /* XCRemoteSwiftPackageReference "JGProgressHUD" */ = {
			isa = XCRemoteSwiftPackageReference;
			repositoryURL = "https://github.com/JonasGessner/JGProgressHUD.git";
			requirement = {
				kind = upToNextMajorVersion;
				minimumVersion = 2.0.0;
			};
		};
/* End XCRemoteSwiftPackageReference section */

/* Begin XCSwiftPackageProductDependency section */
		9795D379289A806C003F2BA0 /* Alamofire */ = {
			isa = XCSwiftPackageProductDependency;
			package = 9795D378289A806C003F2BA0 /* XCRemoteSwiftPackageReference "Alamofire" */;
			productName = Alamofire;
		};
		9795D37C289A8078003F2BA0 /* SwiftyJSON */ = {
			isa = XCSwiftPackageProductDependency;
			package = 9795D37B289A8078003F2BA0 /* XCRemoteSwiftPackageReference "SwiftyJSON" */;
			productName = SwiftyJSON;
		};
		9795D37F289A8082003F2BA0 /* Kingfisher */ = {
			isa = XCSwiftPackageProductDependency;
			package = 9795D37E289A8082003F2BA0 /* XCRemoteSwiftPackageReference "Kingfisher" */;
			productName = Kingfisher;
		};
		979AA3D5289D6EA0009378EC /* JGProgressHUD */ = {
			isa = XCSwiftPackageProductDependency;
			package = 979AA3D4289D6E9F009378EC /* XCRemoteSwiftPackageReference "JGProgressHUD" */;
			productName = JGProgressHUD;
		};
/* End XCSwiftPackageProductDependency section */
	};
	rootObject = 97E5A45F2899FA8F00FFCB3D /* Project object */;
}
